
Microsoft Visual Studio Solution File, Format Version 12.00
# Visual Studio Version 17
VisualStudioVersion = 17.3.32811.315
MinimumVisualStudioVersion = 10.0.40219.1
Project("{9A19103F-16F7-4668-BE54-9A1E7A4F7556}") = "Backend", "Backend\Backend.csproj", "{71A7C4C2-6398-4A75-87DC-2DC59F7837D2}"
EndProject
Project("{FAE04EC0-301F-11D3-BF4B-00C04F79EFBC}") = "Entities", "Entities\Entities.csproj", "{531208BA-8E73-4653-9153-595B486F7397}"
EndProject
Project("{FAE04EC0-301F-11D3-BF4B-00C04F79EFBC}") = "Repositories", "Repositories\Repositories.csproj", "{0A4CD036-6E21-49C2-B3B3-E696E01DAF4D}"
EndProject
Project("{FAE04EC0-301F-11D3-BF4B-00C04F79EFBC}") = "Dto", "Dto\Dto.csproj", "{8817D0BE-2545-4E62-A8B5-31C3C7084529}"
EndProject
Project("{FAE04EC0-301F-11D3-BF4B-00C04F79EFBC}") = "Services", "Services\Services.csproj", "{75C845C0-5197-4FF5-BB11-0C79A035F83E}"
EndProject
Project("{FAE04EC0-301F-11D3-BF4B-00C04F79EFBC}") = "DataAccess", "DataAccess\DataAccess.csproj", "{5AE2A6D0-1A80-4145-B6D0-C54FBCE1072C}"
EndProject
Global
	GlobalSection(SolutionConfigurationPlatforms) = preSolution
		Debug|Any CPU = Debug|Any CPU
		Release|Any CPU = Release|Any CPU
	EndGlobalSection
	GlobalSection(ProjectConfigurationPlatforms) = postSolution
		{71A7C4C2-6398-4A75-87DC-2DC59F7837D2}.Debug|Any CPU.ActiveCfg = Debug|Any CPU
		{71A7C4C2-6398-4A75-87DC-2DC59F7837D2}.Debug|Any CPU.Build.0 = Debug|Any CPU
		{71A7C4C2-6398-4A75-87DC-2DC59F7837D2}.Release|Any CPU.ActiveCfg = Release|Any CPU
		{71A7C4C2-6398-4A75-87DC-2DC59F7837D2}.Release|Any CPU.Build.0 = Release|Any CPU
		{531208BA-8E73-4653-9153-595B486F7397}.Debug|Any CPU.ActiveCfg = Debug|Any CPU
		{531208BA-8E73-4653-9153-595B486F7397}.Debug|Any CPU.Build.0 = Debug|Any CPU
		{531208BA-8E73-4653-9153-595B486F7397}.Release|Any CPU.ActiveCfg = Release|Any CPU
		{531208BA-8E73-4653-9153-595B486F7397}.Release|Any CPU.Build.0 = Release|Any CPU
		{0A4CD036-6E21-49C2-B3B3-E696E01DAF4D}.Debug|Any CPU.ActiveCfg = Debug|Any CPU
		{0A4CD036-6E21-49C2-B3B3-E696E01DAF4D}.Debug|Any CPU.Build.0 = Debug|Any CPU
		{0A4CD036-6E21-49C2-B3B3-E696E01DAF4D}.Release|Any CPU.ActiveCfg = Release|Any CPU
		{0A4CD036-6E21-49C2-B3B3-E696E01DAF4D}.Release|Any CPU.Build.0 = Release|Any CPU
		{8817D0BE-2545-4E62-A8B5-31C3C7084529}.Debug|Any CPU.ActiveCfg = Debug|Any CPU
		{8817D0BE-2545-4E62-A8B5-31C3C7084529}.Debug|Any CPU.Build.0 = Debug|Any CPU
		{8817D0BE-2545-4E62-A8B5-31C3C7084529}.Release|Any CPU.ActiveCfg = Release|Any CPU
		{8817D0BE-2545-4E62-A8B5-31C3C7084529}.Release|Any CPU.Build.0 = Release|Any CPU
		{75C845C0-5197-4FF5-BB11-0C79A035F83E}.Debug|Any CPU.ActiveCfg = Debug|Any CPU
		{75C845C0-5197-4FF5-BB11-0C79A035F83E}.Debug|Any CPU.Build.0 = Debug|Any CPU
		{75C845C0-5197-4FF5-BB11-0C79A035F83E}.Release|Any CPU.ActiveCfg = Release|Any CPU
		{75C845C0-5197-4FF5-BB11-0C79A035F83E}.Release|Any CPU.Build.0 = Release|Any CPU
		{5AE2A6D0-1A80-4145-B6D0-C54FBCE1072C}.Debug|Any CPU.ActiveCfg = Debug|Any CPU
		{5AE2A6D0-1A80-4145-B6D0-C54FBCE1072C}.Debug|Any CPU.Build.0 = Debug|Any CPU
		{5AE2A6D0-1A80-4145-B6D0-C54FBCE1072C}.Release|Any CPU.ActiveCfg = Release|Any CPU
		{5AE2A6D0-1A80-4145-B6D0-C54FBCE1072C}.Release|Any CPU.Build.0 = Release|Any CPU
	EndGlobalSection
	GlobalSection(SolutionProperties) = preSolution
		HideSolutionNode = FALSE
	EndGlobalSection
	GlobalSection(ExtensibilityGlobals) = postSolution
		SolutionGuid = {3500CF5F-67D7-4C05-802B-6DDC7E49D938}
	EndGlobalSection
EndGlobal
