
Microsoft Visual Studio Solution File, Format Version 12.00
# Visual Studio Version 17
VisualStudioVersion = 17.3.32811.315
MinimumVisualStudioVersion = 10.0.40219.1
Project("{FAE04EC0-301F-11D3-BF4B-00C04F79EFBC}") = "WebApplication2", "WebApplication2\WebApplication2.csproj", "{4CE57D87-2934-44CC-81D1-5BDAFB0EAB9D}"
EndProject
Project("{FAE04EC0-301F-11D3-BF4B-00C04F79EFBC}") = "Doctors4skin.Entities", "Doctors4skin.Entities\Doctors4skin.Entities.csproj", "{9305E703-C48B-456C-B479-F0F9C7C0334D}"
EndProject
Project("{FAE04EC0-301F-11D3-BF4B-00C04F79EFBC}") = "Doctors4skin.Repositories", "Doctors4skin.Repositories\Doctors4skin.Repositories.csproj", "{96EC0AE4-259A-4EA9-8ABE-E7A89ECBCEE7}"
EndProject
Project("{FAE04EC0-301F-11D3-BF4B-00C04F79EFBC}") = "Doctor4skin.Services", "Doctor4skin.Services\Doctor4skin.Services.csproj", "{F83BBAB6-344E-4686-9879-F852D9C3A3FD}"
EndProject
Project("{FAE04EC0-301F-11D3-BF4B-00C04F79EFBC}") = "Doctor4skin.Dto", "Doctor4skin.Dto\Doctor4skin.Dto.csproj", "{AB364360-F877-4307-97EF-B0CDE18448EA}"
EndProject
Global
	GlobalSection(SolutionConfigurationPlatforms) = preSolution
		Debug|Any CPU = Debug|Any CPU
		Release|Any CPU = Release|Any CPU
	EndGlobalSection
	GlobalSection(ProjectConfigurationPlatforms) = postSolution
		{4CE57D87-2934-44CC-81D1-5BDAFB0EAB9D}.Debug|Any CPU.ActiveCfg = Debug|Any CPU
		{4CE57D87-2934-44CC-81D1-5BDAFB0EAB9D}.Debug|Any CPU.Build.0 = Debug|Any CPU
		{4CE57D87-2934-44CC-81D1-5BDAFB0EAB9D}.Release|Any CPU.ActiveCfg = Release|Any CPU
		{4CE57D87-2934-44CC-81D1-5BDAFB0EAB9D}.Release|Any CPU.Build.0 = Release|Any CPU
		{9305E703-C48B-456C-B479-F0F9C7C0334D}.Debug|Any CPU.ActiveCfg = Debug|Any CPU
		{9305E703-C48B-456C-B479-F0F9C7C0334D}.Debug|Any CPU.Build.0 = Debug|Any CPU
		{9305E703-C48B-456C-B479-F0F9C7C0334D}.Release|Any CPU.ActiveCfg = Release|Any CPU
		{9305E703-C48B-456C-B479-F0F9C7C0334D}.Release|Any CPU.Build.0 = Release|Any CPU
		{96EC0AE4-259A-4EA9-8ABE-E7A89ECBCEE7}.Debug|Any CPU.ActiveCfg = Debug|Any CPU
		{96EC0AE4-259A-4EA9-8ABE-E7A89ECBCEE7}.Debug|Any CPU.Build.0 = Debug|Any CPU
		{96EC0AE4-259A-4EA9-8ABE-E7A89ECBCEE7}.Release|Any CPU.ActiveCfg = Release|Any CPU
		{96EC0AE4-259A-4EA9-8ABE-E7A89ECBCEE7}.Release|Any CPU.Build.0 = Release|Any CPU
		{F83BBAB6-344E-4686-9879-F852D9C3A3FD}.Debug|Any CPU.ActiveCfg = Debug|Any CPU
		{F83BBAB6-344E-4686-9879-F852D9C3A3FD}.Debug|Any CPU.Build.0 = Debug|Any CPU
		{F83BBAB6-344E-4686-9879-F852D9C3A3FD}.Release|Any CPU.ActiveCfg = Release|Any CPU
		{F83BBAB6-344E-4686-9879-F852D9C3A3FD}.Release|Any CPU.Build.0 = Release|Any CPU
		{AB364360-F877-4307-97EF-B0CDE18448EA}.Debug|Any CPU.ActiveCfg = Debug|Any CPU
		{AB364360-F877-4307-97EF-B0CDE18448EA}.Debug|Any CPU.Build.0 = Debug|Any CPU
		{AB364360-F877-4307-97EF-B0CDE18448EA}.Release|Any CPU.ActiveCfg = Release|Any CPU
		{AB364360-F877-4307-97EF-B0CDE18448EA}.Release|Any CPU.Build.0 = Release|Any CPU
	EndGlobalSection
	GlobalSection(SolutionProperties) = preSolution
		HideSolutionNode = FALSE
	EndGlobalSection
	GlobalSection(ExtensibilityGlobals) = postSolution
		SolutionGuid = {E49A93C8-BA15-4851-8837-F8587E3C6B36}
	EndGlobalSection
EndGlobal
